
Microsoft Visual Studio Solution File, Format Version 12.00
# Visual Studio Version 16
VisualStudioVersion = 16.0.30523.141
MinimumVisualStudioVersion = 10.0.40219.1
Project("{FAE04EC0-301F-11D3-BF4B-00C04F79EFBC}") = "FinalProgra", "FinalProgra\FinalProgra.csproj", "{F74C2626-90B0-4D8C-96D6-9DF8332B382E}"
EndProject
Global
	GlobalSection(SolutionConfigurationPlatforms) = preSolution
		Debug|Any CPU = Debug|Any CPU
		Release|Any CPU = Release|Any CPU
	EndGlobalSection
	GlobalSection(ProjectConfigurationPlatforms) = postSolution
		{F74C2626-90B0-4D8C-96D6-9DF8332B382E}.Debug|Any CPU.ActiveCfg = Debug|Any CPU
		{F74C2626-90B0-4D8C-96D6-9DF8332B382E}.Debug|Any CPU.Build.0 = Debug|Any CPU
		{F74C2626-90B0-4D8C-96D6-9DF8332B382E}.Release|Any CPU.ActiveCfg = Release|Any CPU
		{F74C2626-90B0-4D8C-96D6-9DF8332B382E}.Release|Any CPU.Build.0 = Release|Any CPU
	EndGlobalSection
	GlobalSection(SolutionProperties) = preSolution
		HideSolutionNode = FALSE
	EndGlobalSection
	GlobalSection(ExtensibilityGlobals) = postSolution
		SolutionGuid = {34B45A27-6E5F-4B44-A181-C722A319052C}
	EndGlobalSection
EndGlobal
